
Microsoft Visual Studio Solution File, Format Version 12.00
# Visual Studio 15
VisualStudioVersion = 15.0.26124.0
MinimumVisualStudioVersion = 15.0.26124.0
Project("{2150E333-8FDC-42A3-9474-1A3956D46DE8}") = "src", "src", "{DD6FD1B4-F95C-4957-9BDD-19F46E85668B}"
EndProject
Project("{2150E333-8FDC-42A3-9474-1A3956D46DE8}") = "dotnet", "dotnet", "{D1BB3A18-72C5-427B-BE17-8ACCB28D394C}"
EndProject
Project("{F2A71F9B-5D33-465A-A702-920D77279786}") = "Dijon", "src\Dijon\Dijon.fsproj", "{9975323E-073E-4A42-A5B4-75045AD8822C}"
EndProject
Project("{F2A71F9B-5D33-465A-A702-920D77279786}") = "Dijon.Migrations", "src\Dijon.Migrations\Dijon.Migrations.fsproj", "{FB30F6C6-AB7B-4EFA-817D-1CB65117BB70}"
EndProject
Project("{F2A71F9B-5D33-465A-A702-920D77279786}") = "Dijon.Tests", "src\tests\Dijon.Tests.fsproj", "{11D37E82-BF1F-45EC-BEF5-B36E0BEBD227}"
EndProject
Global
	GlobalSection(SolutionConfigurationPlatforms) = preSolution
		Debug|Any CPU = Debug|Any CPU
		Debug|x64 = Debug|x64
		Debug|x86 = Debug|x86
		Release|Any CPU = Release|Any CPU
		Release|x64 = Release|x64
		Release|x86 = Release|x86
	EndGlobalSection
	GlobalSection(SolutionProperties) = preSolution
		HideSolutionNode = FALSE
	EndGlobalSection
	GlobalSection(ProjectConfigurationPlatforms) = postSolution
		{62CD2410-B38D-44F0-800E-F18A4D9BE427}.Debug|Any CPU.ActiveCfg = Debug|Any CPU
		{62CD2410-B38D-44F0-800E-F18A4D9BE427}.Debug|Any CPU.Build.0 = Debug|Any CPU
		{62CD2410-B38D-44F0-800E-F18A4D9BE427}.Debug|x64.ActiveCfg = Debug|Any CPU
		{62CD2410-B38D-44F0-800E-F18A4D9BE427}.Debug|x64.Build.0 = Debug|Any CPU
		{62CD2410-B38D-44F0-800E-F18A4D9BE427}.Debug|x86.ActiveCfg = Debug|Any CPU
		{62CD2410-B38D-44F0-800E-F18A4D9BE427}.Debug|x86.Build.0 = Debug|Any CPU
		{62CD2410-B38D-44F0-800E-F18A4D9BE427}.Release|Any CPU.ActiveCfg = Release|Any CPU
		{62CD2410-B38D-44F0-800E-F18A4D9BE427}.Release|Any CPU.Build.0 = Release|Any CPU
		{62CD2410-B38D-44F0-800E-F18A4D9BE427}.Release|x64.ActiveCfg = Release|Any CPU
		{62CD2410-B38D-44F0-800E-F18A4D9BE427}.Release|x64.Build.0 = Release|Any CPU
		{62CD2410-B38D-44F0-800E-F18A4D9BE427}.Release|x86.ActiveCfg = Release|Any CPU
		{62CD2410-B38D-44F0-800E-F18A4D9BE427}.Release|x86.Build.0 = Release|Any CPU
		{9975323E-073E-4A42-A5B4-75045AD8822C}.Debug|Any CPU.ActiveCfg = Debug|Any CPU
		{9975323E-073E-4A42-A5B4-75045AD8822C}.Debug|Any CPU.Build.0 = Debug|Any CPU
		{9975323E-073E-4A42-A5B4-75045AD8822C}.Debug|x64.ActiveCfg = Debug|Any CPU
		{9975323E-073E-4A42-A5B4-75045AD8822C}.Debug|x64.Build.0 = Debug|Any CPU
		{9975323E-073E-4A42-A5B4-75045AD8822C}.Debug|x86.ActiveCfg = Debug|Any CPU
		{9975323E-073E-4A42-A5B4-75045AD8822C}.Debug|x86.Build.0 = Debug|Any CPU
		{9975323E-073E-4A42-A5B4-75045AD8822C}.Release|Any CPU.ActiveCfg = Release|Any CPU
		{9975323E-073E-4A42-A5B4-75045AD8822C}.Release|Any CPU.Build.0 = Release|Any CPU
		{9975323E-073E-4A42-A5B4-75045AD8822C}.Release|x64.ActiveCfg = Release|Any CPU
		{9975323E-073E-4A42-A5B4-75045AD8822C}.Release|x64.Build.0 = Release|Any CPU
		{9975323E-073E-4A42-A5B4-75045AD8822C}.Release|x86.ActiveCfg = Release|Any CPU
		{9975323E-073E-4A42-A5B4-75045AD8822C}.Release|x86.Build.0 = Release|Any CPU
		{FB30F6C6-AB7B-4EFA-817D-1CB65117BB70}.Debug|Any CPU.ActiveCfg = Debug|Any CPU
		{FB30F6C6-AB7B-4EFA-817D-1CB65117BB70}.Debug|Any CPU.Build.0 = Debug|Any CPU
		{FB30F6C6-AB7B-4EFA-817D-1CB65117BB70}.Debug|x64.ActiveCfg = Debug|Any CPU
		{FB30F6C6-AB7B-4EFA-817D-1CB65117BB70}.Debug|x64.Build.0 = Debug|Any CPU
		{FB30F6C6-AB7B-4EFA-817D-1CB65117BB70}.Debug|x86.ActiveCfg = Debug|Any CPU
		{FB30F6C6-AB7B-4EFA-817D-1CB65117BB70}.Debug|x86.Build.0 = Debug|Any CPU
		{FB30F6C6-AB7B-4EFA-817D-1CB65117BB70}.Release|Any CPU.ActiveCfg = Release|Any CPU
		{FB30F6C6-AB7B-4EFA-817D-1CB65117BB70}.Release|Any CPU.Build.0 = Release|Any CPU
		{FB30F6C6-AB7B-4EFA-817D-1CB65117BB70}.Release|x64.ActiveCfg = Release|Any CPU
		{FB30F6C6-AB7B-4EFA-817D-1CB65117BB70}.Release|x64.Build.0 = Release|Any CPU
		{FB30F6C6-AB7B-4EFA-817D-1CB65117BB70}.Release|x86.ActiveCfg = Release|Any CPU
		{FB30F6C6-AB7B-4EFA-817D-1CB65117BB70}.Release|x86.Build.0 = Release|Any CPU
		{11D37E82-BF1F-45EC-BEF5-B36E0BEBD227}.Debug|Any CPU.ActiveCfg = Debug|Any CPU
		{11D37E82-BF1F-45EC-BEF5-B36E0BEBD227}.Debug|Any CPU.Build.0 = Debug|Any CPU
		{11D37E82-BF1F-45EC-BEF5-B36E0BEBD227}.Debug|x64.ActiveCfg = Debug|Any CPU
		{11D37E82-BF1F-45EC-BEF5-B36E0BEBD227}.Debug|x64.Build.0 = Debug|Any CPU
		{11D37E82-BF1F-45EC-BEF5-B36E0BEBD227}.Debug|x86.ActiveCfg = Debug|Any CPU
		{11D37E82-BF1F-45EC-BEF5-B36E0BEBD227}.Debug|x86.Build.0 = Debug|Any CPU
		{11D37E82-BF1F-45EC-BEF5-B36E0BEBD227}.Release|Any CPU.ActiveCfg = Release|Any CPU
		{11D37E82-BF1F-45EC-BEF5-B36E0BEBD227}.Release|Any CPU.Build.0 = Release|Any CPU
		{11D37E82-BF1F-45EC-BEF5-B36E0BEBD227}.Release|x64.ActiveCfg = Release|Any CPU
		{11D37E82-BF1F-45EC-BEF5-B36E0BEBD227}.Release|x64.Build.0 = Release|Any CPU
		{11D37E82-BF1F-45EC-BEF5-B36E0BEBD227}.Release|x86.ActiveCfg = Release|Any CPU
		{11D37E82-BF1F-45EC-BEF5-B36E0BEBD227}.Release|x86.Build.0 = Release|Any CPU
	EndGlobalSection
	GlobalSection(NestedProjects) = preSolution
		{D1BB3A18-72C5-427B-BE17-8ACCB28D394C} = {DD6FD1B4-F95C-4957-9BDD-19F46E85668B}
		{9975323E-073E-4A42-A5B4-75045AD8822C} = {D1BB3A18-72C5-427B-BE17-8ACCB28D394C}
		{FB30F6C6-AB7B-4EFA-817D-1CB65117BB70} = {D1BB3A18-72C5-427B-BE17-8ACCB28D394C}
		{11D37E82-BF1F-45EC-BEF5-B36E0BEBD227} = {D1BB3A18-72C5-427B-BE17-8ACCB28D394C}
	EndGlobalSection
EndGlobal
